// !$*UTF8*$!
{
	archiveVersion = 1;
	classes = {
	};
	objectVersion = 56;
	objects = {

/* Begin PBXBuildFile section */
		52E3BA712BC41B7600BBB871 /* MarketBestApp.swift in Sources */ = {isa = PBXBuildFile; fileRef = 52E3BA702BC41B7600BBB871 /* MarketBestApp.swift */; };
		52E3BA732BC41B7600BBB871 /* ContentView.swift in Sources */ = {isa = PBXBuildFile; fileRef = 52E3BA722BC41B7600BBB871 /* ContentView.swift */; };
		52E3BA752BC41B7900BBB871 /* Assets.xcassets in Resources */ = {isa = PBXBuildFile; fileRef = 52E3BA742BC41B7900BBB871 /* Assets.xcassets */; };
		52E3BA782BC41B7900BBB871 /* Preview Assets.xcassets in Resources */ = {isa = PBXBuildFile; fileRef = 52E3BA772BC41B7900BBB871 /* Preview Assets.xcassets */; };
		52E3BA822BC41B7900BBB871 /* MarketBestTests.swift in Sources */ = {isa = PBXBuildFile; fileRef = 52E3BA812BC41B7900BBB871 /* MarketBestTests.swift */; };
		52E3BA8C2BC41B7900BBB871 /* MarketBestUITests.swift in Sources */ = {isa = PBXBuildFile; fileRef = 52E3BA8B2BC41B7900BBB871 /* MarketBestUITests.swift */; };
		52E3BA8E2BC41B7900BBB871 /* MarketBestUITestsLaunchTests.swift in Sources */ = {isa = PBXBuildFile; fileRef = 52E3BA8D2BC41B7900BBB871 /* MarketBestUITestsLaunchTests.swift */; };
/* End PBXBuildFile section */

/* Begin PBXContainerItemProxy section */
		52E3BA7E2BC41B7900BBB871 /* PBXContainerItemProxy */ = {
			isa = PBXContainerItemProxy;
			containerPortal = 52E3BA652BC41B7600BBB871 /* Project object */;
			proxyType = 1;
			remoteGlobalIDString = 52E3BA6C2BC41B7600BBB871;
			remoteInfo = MarketBest;
		};
		52E3BA882BC41B7900BBB871 /* PBXContainerItemProxy */ = {
			isa = PBXContainerItemProxy;
			containerPortal = 52E3BA652BC41B7600BBB871 /* Project object */;
			proxyType = 1;
			remoteGlobalIDString = 52E3BA6C2BC41B7600BBB871;
			remoteInfo = MarketBest;
		};
/* End PBXContainerItemProxy section */

/* Begin PBXFileReference section */
		52E3BA6D2BC41B7600BBB871 /* MarketBest.app */ = {isa = PBXFileReference; explicitFileType = wrapper.application; includeInIndex = 0; path = MarketBest.app; sourceTree = BUILT_PRODUCTS_DIR; };
		52E3BA702BC41B7600BBB871 /* MarketBestApp.swift */ = {isa = PBXFileReference; lastKnownFileType = sourcecode.swift; path = MarketBestApp.swift; sourceTree = "<group>"; };
		52E3BA722BC41B7600BBB871 /* ContentView.swift */ = {isa = PBXFileReference; lastKnownFileType = sourcecode.swift; path = ContentView.swift; sourceTree = "<group>"; };
		52E3BA742BC41B7900BBB871 /* Assets.xcassets */ = {isa = PBXFileReference; lastKnownFileType = folder.assetcatalog; path = Assets.xcassets; sourceTree = "<group>"; };
		52E3BA772BC41B7900BBB871 /* Preview Assets.xcassets */ = {isa = PBXFileReference; lastKnownFileType = folder.assetcatalog; path = "Preview Assets.xcassets"; sourceTree = "<group>"; };
		52E3BA7D2BC41B7900BBB871 /* MarketBestTests.xctest */ = {isa = PBXFileReference; explicitFileType = wrapper.cfbundle; includeInIndex = 0; path = MarketBestTests.xctest; sourceTree = BUILT_PRODUCTS_DIR; };
		52E3BA812BC41B7900BBB871 /* MarketBestTests.swift */ = {isa = PBXFileReference; lastKnownFileType = sourcecode.swift; path = MarketBestTests.swift; sourceTree = "<group>"; };
		52E3BA872BC41B7900BBB871 /* MarketBestUITests.xctest */ = {isa = PBXFileReference; explicitFileType = wrapper.cfbundle; includeInIndex = 0; path = MarketBestUITests.xctest; sourceTree = BUILT_PRODUCTS_DIR; };
		52E3BA8B2BC41B7900BBB871 /* MarketBestUITests.swift */ = {isa = PBXFileReference; lastKnownFileType = sourcecode.swift; path = MarketBestUITests.swift; sourceTree = "<group>"; };
		52E3BA8D2BC41B7900BBB871 /* MarketBestUITestsLaunchTests.swift */ = {isa = PBXFileReference; lastKnownFileType = sourcecode.swift; path = MarketBestUITestsLaunchTests.swift; sourceTree = "<group>"; };
/* End PBXFileReference section */

/* Begin PBXFrameworksBuildPhase section */
		52E3BA6A2BC41B7600BBB871 /* Frameworks */ = {
			isa = PBXFrameworksBuildPhase;
			buildActionMask = 2147483647;
			files = (
			);
			runOnlyForDeploymentPostprocessing = 0;
		};
		52E3BA7A2BC41B7900BBB871 /* Frameworks */ = {
			isa = PBXFrameworksBuildPhase;
			buildActionMask = 2147483647;
			files = (
			);
			runOnlyForDeploymentPostprocessing = 0;
		};
		52E3BA842BC41B7900BBB871 /* Frameworks */ = {
			isa = PBXFrameworksBuildPhase;
			buildActionMask = 2147483647;
			files = (
			);
			runOnlyForDeploymentPostprocessing = 0;
		};
/* End PBXFrameworksBuildPhase section */

/* Begin PBXGroup section */
		52E3BA642BC41B7600BBB871 = {
			isa = PBXGroup;
			children = (
				52E3BA6F2BC41B7600BBB871 /* MarketBest */,
				52E3BA802BC41B7900BBB871 /* MarketBestTests */,
				52E3BA8A2BC41B7900BBB871 /* MarketBestUITests */,
				52E3BA6E2BC41B7600BBB871 /* Products */,
			);
			sourceTree = "<group>";
		};
		52E3BA6E2BC41B7600BBB871 /* Products */ = {
			isa = PBXGroup;
			children = (
				52E3BA6D2BC41B7600BBB871 /* MarketBest.app */,
				52E3BA7D2BC41B7900BBB871 /* MarketBestTests.xctest */,
				52E3BA872BC41B7900BBB871 /* MarketBestUITests.xctest */,
			);
			name = Products;
			sourceTree = "<group>";
		};
		52E3BA6F2BC41B7600BBB871 /* MarketBest */ = {
			isa = PBXGroup;
			children = (
				52E3BA702BC41B7600BBB871 /* MarketBestApp.swift */,
				52E3BA722BC41B7600BBB871 /* ContentView.swift */,
				52E3BA742BC41B7900BBB871 /* Assets.xcassets */,
				52E3BA762BC41B7900BBB871 /* Preview Content */,
			);
			path = MarketBest;
			sourceTree = "<group>";
		};
		52E3BA762BC41B7900BBB871 /* Preview Content */ = {
			isa = PBXGroup;
			children = (
				52E3BA772BC41B7900BBB871 /* Preview Assets.xcassets */,
			);
			path = "Preview Content";
			sourceTree = "<group>";
		};
		52E3BA802BC41B7900BBB871 /* MarketBestTests */ = {
			isa = PBXGroup;
			children = (
				52E3BA812BC41B7900BBB871 /* MarketBestTests.swift */,
			);
			path = MarketBestTests;
			sourceTree = "<group>";
		};
		52E3BA8A2BC41B7900BBB871 /* MarketBestUITests */ = {
			isa = PBXGroup;
			children = (
				52E3BA8B2BC41B7900BBB871 /* MarketBestUITests.swift */,
				52E3BA8D2BC41B7900BBB871 /* MarketBestUITestsLaunchTests.swift */,
			);
			path = MarketBestUITests;
			sourceTree = "<group>";
		};
/* End PBXGroup section */

/* Begin PBXNativeTarget section */
		52E3BA6C2BC41B7600BBB871 /* MarketBest */ = {
			isa = PBXNativeTarget;
			buildConfigurationList = 52E3BA912BC41B7900BBB871 /* Build configuration list for PBXNativeTarget "MarketBest" */;
			buildPhases = (
				52E3BA692BC41B7600BBB871 /* Sources */,
				52E3BA6A2BC41B7600BBB871 /* Frameworks */,
				52E3BA6B2BC41B7600BBB871 /* Resources */,
			);
			buildRules = (
			);
			dependencies = (
			);
			name = MarketBest;
			productName = MarketBest;
			productReference = 52E3BA6D2BC41B7600BBB871 /* MarketBest.app */;
			productType = "com.apple.product-type.application";
		};
		52E3BA7C2BC41B7900BBB871 /* MarketBestTests */ = {
			isa = PBXNativeTarget;
			buildConfigurationList = 52E3BA942BC41B7900BBB871 /* Build configuration list for PBXNativeTarget "MarketBestTests" */;
			buildPhases = (
				52E3BA792BC41B7900BBB871 /* Sources */,
				52E3BA7A2BC41B7900BBB871 /* Frameworks */,
				52E3BA7B2BC41B7900BBB871 /* Resources */,
			);
			buildRules = (
			);
			dependencies = (
				52E3BA7F2BC41B7900BBB871 /* PBXTargetDependency */,
			);
			name = MarketBestTests;
			productName = MarketBestTests;
			productReference = 52E3BA7D2BC41B7900BBB871 /* MarketBestTests.xctest */;
			productType = "com.apple.product-type.bundle.unit-test";
		};
		52E3BA862BC41B7900BBB871 /* MarketBestUITests */ = {
			isa = PBXNativeTarget;
			buildConfigurationList = 52E3BA972BC41B7900BBB871 /* Build configuration list for PBXNativeTarget "MarketBestUITests" */;
			buildPhases = (
				52E3BA832BC41B7900BBB871 /* Sources */,
				52E3BA842BC41B7900BBB871 /* Frameworks */,
				52E3BA852BC41B7900BBB871 /* Resources */,
			);
			buildRules = (
			);
			dependencies = (
				52E3BA892BC41B7900BBB871 /* PBXTargetDependency */,
			);
			name = MarketBestUITests;
			productName = MarketBestUITests;
			productReference = 52E3BA872BC41B7900BBB871 /* MarketBestUITests.xctest */;
			productType = "com.apple.product-type.bundle.ui-testing";
		};
/* End PBXNativeTarget section */

/* Begin PBXProject section */
		52E3BA652BC41B7600BBB871 /* Project object */ = {
			isa = PBXProject;
			attributes = {
				BuildIndependentTargetsInParallel = 1;
				LastSwiftUpdateCheck = 1500;
				LastUpgradeCheck = 1500;
				TargetAttributes = {
					52E3BA6C2BC41B7600BBB871 = {
						CreatedOnToolsVersion = 15.0;
					};
					52E3BA7C2BC41B7900BBB871 = {
						CreatedOnToolsVersion = 15.0;
						TestTargetID = 52E3BA6C2BC41B7600BBB871;
					};
					52E3BA862BC41B7900BBB871 = {
						CreatedOnToolsVersion = 15.0;
						TestTargetID = 52E3BA6C2BC41B7600BBB871;
					};
				};
			};
			buildConfigurationList = 52E3BA682BC41B7600BBB871 /* Build configuration list for PBXProject "MarketBest" */;
			compatibilityVersion = "Xcode 14.0";
			developmentRegion = en;
			hasScannedForEncodings = 0;
			knownRegions = (
				en,
				Base,
			);
			mainGroup = 52E3BA642BC41B7600BBB871;
			productRefGroup = 52E3BA6E2BC41B7600BBB871 /* Products */;
			projectDirPath = "";
			projectRoot = "";
			targets = (
				52E3BA6C2BC41B7600BBB871 /* MarketBest */,
				52E3BA7C2BC41B7900BBB871 /* MarketBestTests */,
				52E3BA862BC41B7900BBB871 /* MarketBestUITests */,
			);
		};
/* End PBXProject section */

/* Begin PBXResourcesBuildPhase section */
		52E3BA6B2BC41B7600BBB871 /* Resources */ = {
			isa = PBXResourcesBuildPhase;
			buildActionMask = 2147483647;
			files = (
				52E3BA782BC41B7900BBB871 /* Preview Assets.xcassets in Resources */,
				52E3BA752BC41B7900BBB871 /* Assets.xcassets in Resources */,
			);
			runOnlyForDeploymentPostprocessing = 0;
		};
		52E3BA7B2BC41B7900BBB871 /* Resources */ = {
			isa = PBXResourcesBuildPhase;
			buildActionMask = 2147483647;
			files = (
			);
			runOnlyForDeploymentPostprocessing = 0;
		};
		52E3BA852BC41B7900BBB871 /* Resources */ = {
			isa = PBXResourcesBuildPhase;
			buildActionMask = 2147483647;
			files = (
			);
			runOnlyForDeploymentPostprocessing = 0;
		};
/* End PBXResourcesBuildPhase section */

/* Begin PBXSourcesBuildPhase section */
		52E3BA692BC41B7600BBB871 /* Sources */ = {
			isa = PBXSourcesBuildPhase;
			buildActionMask = 2147483647;
			files = (
				52E3BA732BC41B7600BBB871 /* ContentView.swift in Sources */,
				52E3BA712BC41B7600BBB871 /* MarketBestApp.swift in Sources */,
			);
			runOnlyForDeploymentPostprocessing = 0;
		};
		52E3BA792BC41B7900BBB871 /* Sources */ = {
			isa = PBXSourcesBuildPhase;
			buildActionMask = 2147483647;
			files = (
				52E3BA822BC41B7900BBB871 /* MarketBestTests.swift in Sources */,
			);
			runOnlyForDeploymentPostprocessing = 0;
		};
		52E3BA832BC41B7900BBB871 /* Sources */ = {
			isa = PBXSourcesBuildPhase;
			buildActionMask = 2147483647;
			files = (
				52E3BA8E2BC41B7900BBB871 /* MarketBestUITestsLaunchTests.swift in Sources */,
				52E3BA8C2BC41B7900BBB871 /* MarketBestUITests.swift in Sources */,
			);
			runOnlyForDeploymentPostprocessing = 0;
		};
/* End PBXSourcesBuildPhase section */

/* Begin PBXTargetDependency section */
		52E3BA7F2BC41B7900BBB871 /* PBXTargetDependency */ = {
			isa = PBXTargetDependency;
			target = 52E3BA6C2BC41B7600BBB871 /* MarketBest */;
			targetProxy = 52E3BA7E2BC41B7900BBB871 /* PBXContainerItemProxy */;
		};
		52E3BA892BC41B7900BBB871 /* PBXTargetDependency */ = {
			isa = PBXTargetDependency;
			target = 52E3BA6C2BC41B7600BBB871 /* MarketBest */;
			targetProxy = 52E3BA882BC41B7900BBB871 /* PBXContainerItemProxy */;
		};
/* End PBXTargetDependency section */

/* Begin XCBuildConfiguration section */
		52E3BA8F2BC41B7900BBB871 /* Debug */ = {
			isa = XCBuildConfiguration;
			buildSettings = {
				ALWAYS_SEARCH_USER_PATHS = NO;
				ASSETCATALOG_COMPILER_GENERATE_SWIFT_ASSET_SYMBOL_EXTENSIONS = YES;
				CLANG_ANALYZER_NONNULL = YES;
				CLANG_ANALYZER_NUMBER_OBJECT_CONVERSION = YES_AGGRESSIVE;
				CLANG_CXX_LANGUAGE_STANDARD = "gnu++20";
				CLANG_ENABLE_MODULES = YES;
				CLANG_ENABLE_OBJC_ARC = YES;
				CLANG_ENABLE_OBJC_WEAK = YES;
				CLANG_WARN_BLOCK_CAPTURE_AUTORELEASING = YES;
				CLANG_WARN_BOOL_CONVERSION = YES;
				CLANG_WARN_COMMA = YES;
				CLANG_WARN_CONSTANT_CONVERSION = YES;
				CLANG_WARN_DEPRECATED_OBJC_IMPLEMENTATIONS = YES;
				CLANG_WARN_DIRECT_OBJC_ISA_USAGE = YES_ERROR;
				CLANG_WARN_DOCUMENTATION_COMMENTS = YES;
				CLANG_WARN_EMPTY_BODY = YES;
				CLANG_WARN_ENUM_CONVERSION = YES;
				CLANG_WARN_INFINITE_RECURSION = YES;
				CLANG_WARN_INT_CONVERSION = YES;
				CLANG_WARN_NON_LITERAL_NULL_CONVERSION = YES;
				CLANG_WARN_OBJC_IMPLICIT_RETAIN_SELF = YES;
				CLANG_WARN_OBJC_LITERAL_CONVERSION = YES;
				CLANG_WARN_OBJC_ROOT_CLASS = YES_ERROR;
				CLANG_WARN_QUOTED_INCLUDE_IN_FRAMEWORK_HEADER = YES;
				CLANG_WARN_RANGE_LOOP_ANALYSIS = YES;
				CLANG_WARN_STRICT_PROTOTYPES = YES;
				CLANG_WARN_SUSPICIOUS_MOVE = YES;
				CLANG_WARN_UNGUARDED_AVAILABILITY = YES_AGGRESSIVE;
				CLANG_WARN_UNREACHABLE_CODE = YES;
				CLANG_WARN__DUPLICATE_METHOD_MATCH = YES;
				COPY_PHASE_STRIP = NO;
				DEBUG_INFORMATION_FORMAT = dwarf;
				ENABLE_STRICT_OBJC_MSGSEND = YES;
				ENABLE_TESTABILITY = YES;
				ENABLE_USER_SCRIPT_SANDBOXING = YES;
				GCC_C_LANGUAGE_STANDARD = gnu17;
				GCC_DYNAMIC_NO_PIC = NO;
				GCC_NO_COMMON_BLOCKS = YES;
				GCC_OPTIMIZATION_LEVEL = 0;
				GCC_PREPROCESSOR_DEFINITIONS = (
					"DEBUG=1",
					"$(inherited)",
				);
				GCC_WARN_64_TO_32_BIT_CONVERSION = YES;
				GCC_WARN_ABOUT_RETURN_TYPE = YES_ERROR;
				GCC_WARN_UNDECLARED_SELECTOR = YES;
				GCC_WARN_UNINITIALIZED_AUTOS = YES_AGGRESSIVE;
				GCC_WARN_UNUSED_FUNCTION = YES;
				GCC_WARN_UNUSED_VARIABLE = YES;
				IPHONEOS_DEPLOYMENT_TARGET = 17.0;
				LOCALIZATION_PREFERS_STRING_CATALOGS = YES;
				MTL_ENABLE_DEBUG_INFO = INCLUDE_SOURCE;
				MTL_FAST_MATH = YES;
				ONLY_ACTIVE_ARCH = YES;
				SDKROOT = iphoneos;
				SWIFT_ACTIVE_COMPILATION_CONDITIONS = "DEBUG $(inherited)";
				SWIFT_OPTIMIZATION_LEVEL = "-Onone";
			};
			name = Debug;
		};
		52E3BA902BC41B7900BBB871 /* Release */ = {
			isa = XCBuildConfiguration;
			buildSettings = {
				ALWAYS_SEARCH_USER_PATHS = NO;
				ASSETCATALOG_COMPILER_GENERATE_SWIFT_ASSET_SYMBOL_EXTENSIONS = YES;
				CLANG_ANALYZER_NONNULL = YES;
				CLANG_ANALYZER_NUMBER_OBJECT_CONVERSION = YES_AGGRESSIVE;
				CLANG_CXX_LANGUAGE_STANDARD = "gnu++20";
				CLANG_ENABLE_MODULES = YES;
				CLANG_ENABLE_OBJC_ARC = YES;
				CLANG_ENABLE_OBJC_WEAK = YES;
				CLANG_WARN_BLOCK_CAPTURE_AUTORELEASING = YES;
				CLANG_WARN_BOOL_CONVERSION = YES;
				CLANG_WARN_COMMA = YES;
				CLANG_WARN_CONSTANT_CONVERSION = YES;
				CLANG_WARN_DEPRECATED_OBJC_IMPLEMENTATIONS = YES;
				CLANG_WARN_DIRECT_OBJC_ISA_USAGE = YES_ERROR;
				CLANG_WARN_DOCUMENTATION_COMMENTS = YES;
				CLANG_WARN_EMPTY_BODY = YES;
				CLANG_WARN_ENUM_CONVERSION = YES;
				CLANG_WARN_INFINITE_RECURSION = YES;
				CLANG_WARN_INT_CONVERSION = YES;
				CLANG_WARN_NON_LITERAL_NULL_CONVERSION = YES;
				CLANG_WARN_OBJC_IMPLICIT_RETAIN_SELF = YES;
				CLANG_WARN_OBJC_LITERAL_CONVERSION = YES;
				CLANG_WARN_OBJC_ROOT_CLASS = YES_ERROR;
				CLANG_WARN_QUOTED_INCLUDE_IN_FRAMEWORK_HEADER = YES;
				CLANG_WARN_RANGE_LOOP_ANALYSIS = YES;
				CLANG_WARN_STRICT_PROTOTYPES = YES;
				CLANG_WARN_SUSPICIOUS_MOVE = YES;
				CLANG_WARN_UNGUARDED_AVAILABILITY = YES_AGGRESSIVE;
				CLANG_WARN_UNREACHABLE_CODE = YES;
				CLANG_WARN__DUPLICATE_METHOD_MATCH = YES;
				COPY_PHASE_STRIP = NO;
				DEBUG_INFORMATION_FORMAT = "dwarf-with-dsym";
				ENABLE_NS_ASSERTIONS = NO;
				ENABLE_STRICT_OBJC_MSGSEND = YES;
				ENABLE_USER_SCRIPT_SANDBOXING = YES;
				GCC_C_LANGUAGE_STANDARD = gnu17;
				GCC_NO_COMMON_BLOCKS = YES;
				GCC_WARN_64_TO_32_BIT_CONVERSION = YES;
				GCC_WARN_ABOUT_RETURN_TYPE = YES_ERROR;
				GCC_WARN_UNDECLARED_SELECTOR = YES;
				GCC_WARN_UNINITIALIZED_AUTOS = YES_AGGRESSIVE;
				GCC_WARN_UNUSED_FUNCTION = YES;
				GCC_WARN_UNUSED_VARIABLE = YES;
				IPHONEOS_DEPLOYMENT_TARGET = 17.0;
				LOCALIZATION_PREFERS_STRING_CATALOGS = YES;
				MTL_ENABLE_DEBUG_INFO = NO;
				MTL_FAST_MATH = YES;
				SDKROOT = iphoneos;
				SWIFT_COMPILATION_MODE = wholemodule;
				VALIDATE_PRODUCT = YES;
			};
			name = Release;
		};
		52E3BA922BC41B7900BBB871 /* Debug */ = {
			isa = XCBuildConfiguration;
			buildSettings = {
				ASSETCATALOG_COMPILER_APPICON_NAME = AppIcon;
				ASSETCATALOG_COMPILER_GLOBAL_ACCENT_COLOR_NAME = AccentColor;
				CODE_SIGN_STYLE = Automatic;
				CURRENT_PROJECT_VERSION = 1;
				DEVELOPMENT_ASSET_PATHS = "\"MarketBest/Preview Content\"";
				DEVELOPMENT_TEAM = D7AYZAGTTZ;
				ENABLE_PREVIEWS = YES;
				GENERATE_INFOPLIST_FILE = YES;
				INFOPLIST_KEY_UIApplicationSceneManifest_Generation = YES;
				INFOPLIST_KEY_UIApplicationSupportsIndirectInputEvents = YES;
				INFOPLIST_KEY_UILaunchScreen_Generation = YES;
				INFOPLIST_KEY_UISupportedInterfaceOrientations_iPad = "UIInterfaceOrientationPortrait UIInterfaceOrientationPortraitUpsideDown UIInterfaceOrientationLandscapeLeft UIInterfaceOrientationLandscapeRight";
				INFOPLIST_KEY_UISupportedInterfaceOrientations_iPhone = "UIInterfaceOrientationPortrait UIInterfaceOrientationLandscapeLeft UIInterfaceOrientationLandscapeRight";
				LD_RUNPATH_SEARCH_PATHS = (
					"$(inherited)",
					"@executable_path/Frameworks",
				);
				MARKETING_VERSION = 1.0;
				PRODUCT_BUNDLE_IDENTIFIER = ru.turbopro.MarketBest;
				PRODUCT_NAME = "$(TARGET_NAME)";
				SWIFT_EMIT_LOC_STRINGS = YES;
				SWIFT_VERSION = 5.0;
				TARGETED_DEVICE_FAMILY = "1,2";
			};
			name = Debug;
		};
		52E3BA932BC41B7900BBB871 /* Release */ = {
			isa = XCBuildConfiguration;
			buildSettings = {
				ASSETCATALOG_COMPILER_APPICON_NAME = AppIcon;
				ASSETCATALOG_COMPILER_GLOBAL_ACCENT_COLOR_NAME = AccentColor;
				CODE_SIGN_STYLE = Automatic;
				CURRENT_PROJECT_VERSION = 1;
				DEVELOPMENT_ASSET_PATHS = "\"MarketBest/Preview Content\"";
				DEVELOPMENT_TEAM = D7AYZAGTTZ;
				ENABLE_PREVIEWS = YES;
				GENERATE_INFOPLIST_FILE = YES;
				INFOPLIST_KEY_UIApplicationSceneManifest_Generation = YES;
				INFOPLIST_KEY_UIApplicationSupportsIndirectInputEvents = YES;
				INFOPLIST_KEY_UILaunchScreen_Generation = YES;
				INFOPLIST_KEY_UISupportedInterfaceOrientations_iPad = "UIInterfaceOrientationPortrait UIInterfaceOrientationPortraitUpsideDown UIInterfaceOrientationLandscapeLeft UIInterfaceOrientationLandscapeRight";
				INFOPLIST_KEY_UISupportedInterfaceOrientations_iPhone = "UIInterfaceOrientationPortrait UIInterfaceOrientationLandscapeLeft UIInterfaceOrientationLandscapeRight";
				LD_RUNPATH_SEARCH_PATHS = (
					"$(inherited)",
					"@executable_path/Frameworks",
				);
				MARKETING_VERSION = 1.0;
				PRODUCT_BUNDLE_IDENTIFIER = ru.turbopro.MarketBest;
				PRODUCT_NAME = "$(TARGET_NAME)";
				SWIFT_EMIT_LOC_STRINGS = YES;
				SWIFT_VERSION = 5.0;
				TARGETED_DEVICE_FAMILY = "1,2";
			};
			name = Release;
		};
		52E3BA952BC41B7900BBB871 /* Debug */ = {
			isa = XCBuildConfiguration;
			buildSettings = {
				ALWAYS_EMBED_SWIFT_STANDARD_LIBRARIES = YES;
				BUNDLE_LOADER = "$(TEST_HOST)";
				CODE_SIGN_STYLE = Automatic;
				CURRENT_PROJECT_VERSION = 1;
				DEVELOPMENT_TEAM = D7AYZAGTTZ;
				GENERATE_INFOPLIST_FILE = YES;
				IPHONEOS_DEPLOYMENT_TARGET = 17.0;
				MARKETING_VERSION = 1.0;
				PRODUCT_BUNDLE_IDENTIFIER = ru.turbopro.MarketBestTests;
				PRODUCT_NAME = "$(TARGET_NAME)";
				SWIFT_EMIT_LOC_STRINGS = NO;
				SWIFT_VERSION = 5.0;
				TARGETED_DEVICE_FAMILY = "1,2";
				TEST_HOST = "$(BUILT_PRODUCTS_DIR)/MarketBest.app/$(BUNDLE_EXECUTABLE_FOLDER_PATH)/MarketBest";
			};
			name = Debug;
		};
		52E3BA962BC41B7900BBB871 /* Release */ = {
			isa = XCBuildConfiguration;
			buildSettings = {
				ALWAYS_EMBED_SWIFT_STANDARD_LIBRARIES = YES;
				BUNDLE_LOADER = "$(TEST_HOST)";
				CODE_SIGN_STYLE = Automatic;
				CURRENT_PROJECT_VERSION = 1;
				DEVELOPMENT_TEAM = D7AYZAGTTZ;
				GENERATE_INFOPLIST_FILE = YES;
				IPHONEOS_DEPLOYMENT_TARGET = 17.0;
				MARKETING_VERSION = 1.0;
				PRODUCT_BUNDLE_IDENTIFIER = ru.turbopro.MarketBestTests;
				PRODUCT_NAME = "$(TARGET_NAME)";
				SWIFT_EMIT_LOC_STRINGS = NO;
				SWIFT_VERSION = 5.0;
				TARGETED_DEVICE_FAMILY = "1,2";
				TEST_HOST = "$(BUILT_PRODUCTS_DIR)/MarketBest.app/$(BUNDLE_EXECUTABLE_FOLDER_PATH)/MarketBest";
			};
			name = Release;
		};
		52E3BA982BC41B7900BBB871 /* Debug */ = {
			isa = XCBuildConfiguration;
			buildSettings = {
				ALWAYS_EMBED_SWIFT_STANDARD_LIBRARIES = YES;
				CODE_SIGN_STYLE = Automatic;
				CURRENT_PROJECT_VERSION = 1;
				DEVELOPMENT_TEAM = D7AYZAGTTZ;
				GENERATE_INFOPLIST_FILE = YES;
				MARKETING_VERSION = 1.0;
				PRODUCT_BUNDLE_IDENTIFIER = ru.turbopro.MarketBestUITests;
				PRODUCT_NAME = "$(TARGET_NAME)";
				SWIFT_EMIT_LOC_STRINGS = NO;
				SWIFT_VERSION = 5.0;
				TARGETED_DEVICE_FAMILY = "1,2";
				TEST_TARGET_NAME = MarketBest;
			};
			name = Debug;
		};
		52E3BA992BC41B7900BBB871 /* Release */ = {
			isa = XCBuildConfiguration;
			buildSettings = {
				ALWAYS_EMBED_SWIFT_STANDARD_LIBRARIES = YES;
				CODE_SIGN_STYLE = Automatic;
				CURRENT_PROJECT_VERSION = 1;
				DEVELOPMENT_TEAM = D7AYZAGTTZ;
				GENERATE_INFOPLIST_FILE = YES;
				MARKETING_VERSION = 1.0;
				PRODUCT_BUNDLE_IDENTIFIER = ru.turbopro.MarketBestUITests;
				PRODUCT_NAME = "$(TARGET_NAME)";
				SWIFT_EMIT_LOC_STRINGS = NO;
				SWIFT_VERSION = 5.0;
				TARGETED_DEVICE_FAMILY = "1,2";
				TEST_TARGET_NAME = MarketBest;
			};
			name = Release;
		};
/* End XCBuildConfiguration section */

/* Begin XCConfigurationList section */
		52E3BA682BC41B7600BBB871 /* Build configuration list for PBXProject "MarketBest" */ = {
			isa = XCConfigurationList;
			buildConfigurations = (
				52E3BA8F2BC41B7900BBB871 /* Debug */,
				52E3BA902BC41B7900BBB871 /* Release */,
			);
			defaultConfigurationIsVisible = 0;
			defaultConfigurationName = Release;
		};
		52E3BA912BC41B7900BBB871 /* Build configuration list for PBXNativeTarget "MarketBest" */ = {
			isa = XCConfigurationList;
			buildConfigurations = (
				52E3BA922BC41B7900BBB871 /* Debug */,
				52E3BA932BC41B7900BBB871 /* Release */,
			);
			defaultConfigurationIsVisible = 0;
			defaultConfigurationName = Release;
		};
		52E3BA942BC41B7900BBB871 /* Build configuration list for PBXNativeTarget "MarketBestTests" */ = {
			isa = XCConfigurationList;
			buildConfigurations = (
				52E3BA952BC41B7900BBB871 /* Debug */,
				52E3BA962BC41B7900BBB871 /* Release */,
			);
			defaultConfigurationIsVisible = 0;
			defaultConfigurationName = Release;
		};
		52E3BA972BC41B7900BBB871 /* Build configuration list for PBXNativeTarget "MarketBestUITests" */ = {
			isa = XCConfigurationList;
			buildConfigurations = (
				52E3BA982BC41B7900BBB871 /* Debug */,
				52E3BA992BC41B7900BBB871 /* Release */,
			);
			defaultConfigurationIsVisible = 0;
			defaultConfigurationName = Release;
		};
/* End XCConfigurationList section */
	};
	rootObject = 52E3BA652BC41B7600BBB871 /* Project object */;
}
